
Microsoft Visual Studio Solution File, Format Version 10.00
# Visual Studio 2008
Project("{8BC9CEB8-8B4A-11D0-8D11-00A0C91BC942}") = "e01", "e01\e01.vcproj", "{8335D450-8766-4C79-9498-CAE868FAE532}"
EndProject
Project("{8BC9CEB8-8B4A-11D0-8D11-00A0C91BC942}") = "e02", "e02\e02.vcproj", "{E8DDA282-F600-4003-8966-D86EFE6CE58B}"
EndProject
Project("{8BC9CEB8-8B4A-11D0-8D11-00A0C91BC942}") = "e03", "e03\e03.vcproj", "{65475AD4-15E6-495F-9EA2-0275E5B52001}"
EndProject
Project("{8BC9CEB8-8B4A-11D0-8D11-00A0C91BC942}") = "e04", "e04\e04.vcproj", "{4C5C102F-C083-4FA7-BCB8-5F2B3797970A}"
EndProject
Project("{8BC9CEB8-8B4A-11D0-8D11-00A0C91BC942}") = "e07", "e07\e07.vcproj", "{0D9A35AF-075D-4BA5-AE19-32B8D3A9153B}"
EndProject
Project("{8BC9CEB8-8B4A-11D0-8D11-00A0C91BC942}") = "e08", "e08\e08.vcproj", "{B63D8ACA-66D8-48A5-B584-DB08685DB01F}"
EndProject
Project("{8BC9CEB8-8B4A-11D0-8D11-00A0C91BC942}") = "e10", "e10\e10.vcproj", "{0A665753-93BB-4A6F-A7B1-2C25151FE849}"
EndProject
Project("{8BC9CEB8-8B4A-11D0-8D11-00A0C91BC942}") = "e11", "e11\e11.vcproj", "{D0C2238E-1796-4F99-9B3C-105ED3D98122}"
EndProject
Project("{8BC9CEB8-8B4A-11D0-8D11-00A0C91BC942}") = "e12", "e12\e12.vcproj", "{DE32D952-DF52-4135-BC57-BF6F2F7501BE}"
EndProject
Project("{8BC9CEB8-8B4A-11D0-8D11-00A0C91BC942}") = "e15", "e15\e15.vcproj", "{A5A74F99-E2D1-408A-B087-94BCB5E3B1D1}"
EndProject
Project("{8BC9CEB8-8B4A-11D0-8D11-00A0C91BC942}") = "e25", "e25\e25.vcproj", "{DA80161F-7398-4130-B80E-E5C54E3D56A2}"
EndProject
Project("{8BC9CEB8-8B4A-11D0-8D11-00A0C91BC942}") = "e26", "e26\e26.vcproj", "{7CB36B8F-0B81-4436-A11E-374D6EBAF094}"
EndProject
Project("{8BC9CEB8-8B4A-11D0-8D11-00A0C91BC942}") = "e35", "e35\e35.vcproj", "{840DCD6E-DABF-4B94-B479-8B8480A8E3FA}"
EndProject
Project("{8BC9CEB8-8B4A-11D0-8D11-00A0C91BC942}") = "e39", "e39\e39.vcproj", "{E51C005F-8279-4ED4-82E1-21D9C958D9C5}"
EndProject
Global
	GlobalSection(SolutionConfigurationPlatforms) = preSolution
		Debug|Win32 = Debug|Win32
		Release|Win32 = Release|Win32
	EndGlobalSection
	GlobalSection(ProjectConfigurationPlatforms) = postSolution
		{8335D450-8766-4C79-9498-CAE868FAE532}.Debug|Win32.ActiveCfg = Debug|Win32
		{8335D450-8766-4C79-9498-CAE868FAE532}.Debug|Win32.Build.0 = Debug|Win32
		{8335D450-8766-4C79-9498-CAE868FAE532}.Release|Win32.ActiveCfg = Release|Win32
		{8335D450-8766-4C79-9498-CAE868FAE532}.Release|Win32.Build.0 = Release|Win32
		{E8DDA282-F600-4003-8966-D86EFE6CE58B}.Debug|Win32.ActiveCfg = Debug|Win32
		{E8DDA282-F600-4003-8966-D86EFE6CE58B}.Debug|Win32.Build.0 = Debug|Win32
		{E8DDA282-F600-4003-8966-D86EFE6CE58B}.Release|Win32.ActiveCfg = Release|Win32
		{E8DDA282-F600-4003-8966-D86EFE6CE58B}.Release|Win32.Build.0 = Release|Win32
		{65475AD4-15E6-495F-9EA2-0275E5B52001}.Debug|Win32.ActiveCfg = Debug|Win32
		{65475AD4-15E6-495F-9EA2-0275E5B52001}.Debug|Win32.Build.0 = Debug|Win32
		{65475AD4-15E6-495F-9EA2-0275E5B52001}.Release|Win32.ActiveCfg = Release|Win32
		{65475AD4-15E6-495F-9EA2-0275E5B52001}.Release|Win32.Build.0 = Release|Win32
		{4C5C102F-C083-4FA7-BCB8-5F2B3797970A}.Debug|Win32.ActiveCfg = Debug|Win32
		{4C5C102F-C083-4FA7-BCB8-5F2B3797970A}.Debug|Win32.Build.0 = Debug|Win32
		{4C5C102F-C083-4FA7-BCB8-5F2B3797970A}.Release|Win32.ActiveCfg = Release|Win32
		{4C5C102F-C083-4FA7-BCB8-5F2B3797970A}.Release|Win32.Build.0 = Release|Win32
		{0D9A35AF-075D-4BA5-AE19-32B8D3A9153B}.Debug|Win32.ActiveCfg = Debug|Win32
		{0D9A35AF-075D-4BA5-AE19-32B8D3A9153B}.Debug|Win32.Build.0 = Debug|Win32
		{0D9A35AF-075D-4BA5-AE19-32B8D3A9153B}.Release|Win32.ActiveCfg = Release|Win32
		{0D9A35AF-075D-4BA5-AE19-32B8D3A9153B}.Release|Win32.Build.0 = Release|Win32
		{B63D8ACA-66D8-48A5-B584-DB08685DB01F}.Debug|Win32.ActiveCfg = Debug|Win32
		{B63D8ACA-66D8-48A5-B584-DB08685DB01F}.Debug|Win32.Build.0 = Debug|Win32
		{B63D8ACA-66D8-48A5-B584-DB08685DB01F}.Release|Win32.ActiveCfg = Release|Win32
		{B63D8ACA-66D8-48A5-B584-DB08685DB01F}.Release|Win32.Build.0 = Release|Win32
		{0A665753-93BB-4A6F-A7B1-2C25151FE849}.Debug|Win32.ActiveCfg = Debug|Win32
		{0A665753-93BB-4A6F-A7B1-2C25151FE849}.Debug|Win32.Build.0 = Debug|Win32
		{0A665753-93BB-4A6F-A7B1-2C25151FE849}.Release|Win32.ActiveCfg = Release|Win32
		{0A665753-93BB-4A6F-A7B1-2C25151FE849}.Release|Win32.Build.0 = Release|Win32
		{D0C2238E-1796-4F99-9B3C-105ED3D98122}.Debug|Win32.ActiveCfg = Debug|Win32
		{D0C2238E-1796-4F99-9B3C-105ED3D98122}.Debug|Win32.Build.0 = Debug|Win32
		{D0C2238E-1796-4F99-9B3C-105ED3D98122}.Release|Win32.ActiveCfg = Release|Win32
		{D0C2238E-1796-4F99-9B3C-105ED3D98122}.Release|Win32.Build.0 = Release|Win32
		{DE32D952-DF52-4135-BC57-BF6F2F7501BE}.Debug|Win32.ActiveCfg = Debug|Win32
		{DE32D952-DF52-4135-BC57-BF6F2F7501BE}.Debug|Win32.Build.0 = Debug|Win32
		{DE32D952-DF52-4135-BC57-BF6F2F7501BE}.Release|Win32.ActiveCfg = Release|Win32
		{DE32D952-DF52-4135-BC57-BF6F2F7501BE}.Release|Win32.Build.0 = Release|Win32
		{A5A74F99-E2D1-408A-B087-94BCB5E3B1D1}.Debug|Win32.ActiveCfg = Debug|Win32
		{A5A74F99-E2D1-408A-B087-94BCB5E3B1D1}.Debug|Win32.Build.0 = Debug|Win32
		{A5A74F99-E2D1-408A-B087-94BCB5E3B1D1}.Release|Win32.ActiveCfg = Release|Win32
		{A5A74F99-E2D1-408A-B087-94BCB5E3B1D1}.Release|Win32.Build.0 = Release|Win32
		{DA80161F-7398-4130-B80E-E5C54E3D56A2}.Debug|Win32.ActiveCfg = Debug|Win32
		{DA80161F-7398-4130-B80E-E5C54E3D56A2}.Debug|Win32.Build.0 = Debug|Win32
		{DA80161F-7398-4130-B80E-E5C54E3D56A2}.Release|Win32.ActiveCfg = Release|Win32
		{DA80161F-7398-4130-B80E-E5C54E3D56A2}.Release|Win32.Build.0 = Release|Win32
		{7CB36B8F-0B81-4436-A11E-374D6EBAF094}.Debug|Win32.ActiveCfg = Debug|Win32
		{7CB36B8F-0B81-4436-A11E-374D6EBAF094}.Debug|Win32.Build.0 = Debug|Win32
		{7CB36B8F-0B81-4436-A11E-374D6EBAF094}.Release|Win32.ActiveCfg = Release|Win32
		{7CB36B8F-0B81-4436-A11E-374D6EBAF094}.Release|Win32.Build.0 = Release|Win32
		{840DCD6E-DABF-4B94-B479-8B8480A8E3FA}.Debug|Win32.ActiveCfg = Debug|Win32
		{840DCD6E-DABF-4B94-B479-8B8480A8E3FA}.Debug|Win32.Build.0 = Debug|Win32
		{840DCD6E-DABF-4B94-B479-8B8480A8E3FA}.Release|Win32.ActiveCfg = Release|Win32
		{840DCD6E-DABF-4B94-B479-8B8480A8E3FA}.Release|Win32.Build.0 = Release|Win32
		{E51C005F-8279-4ED4-82E1-21D9C958D9C5}.Debug|Win32.ActiveCfg = Debug|Win32
		{E51C005F-8279-4ED4-82E1-21D9C958D9C5}.Debug|Win32.Build.0 = Debug|Win32
		{E51C005F-8279-4ED4-82E1-21D9C958D9C5}.Release|Win32.ActiveCfg = Release|Win32
		{E51C005F-8279-4ED4-82E1-21D9C958D9C5}.Release|Win32.Build.0 = Release|Win32
	EndGlobalSection
	GlobalSection(SolutionProperties) = preSolution
		HideSolutionNode = FALSE
	EndGlobalSection
EndGlobal
