
Microsoft Visual Studio Solution File, Format Version 10.00
# Visual Studio 2008
Project("{8BC9CEB8-8B4A-11D0-8D11-00A0C91BC942}") = "BiTreeLink", "BiTreeLink\BiTreeLink.vcproj", "{25F62BAD-56F2-4AB2-91F4-11AF2B55DEAF}"
EndProject
Project("{8BC9CEB8-8B4A-11D0-8D11-00A0C91BC942}") = "MyTest", "MyTest\MyTest.vcproj", "{5D4B474F-4BEE-4C04-9696-64993D8DB8B1}"
EndProject
Project("{8BC9CEB8-8B4A-11D0-8D11-00A0C91BC942}") = "BiTreeLinke2", "BiTreeLinke2\BiTreeLinke2.vcproj", "{41031088-73BD-4DE9-AFE9-34D8D41FE89C}"
EndProject
Global
	GlobalSection(SolutionConfigurationPlatforms) = preSolution
		Debug|Win32 = Debug|Win32
		Release|Win32 = Release|Win32
	EndGlobalSection
	GlobalSection(ProjectConfigurationPlatforms) = postSolution
		{25F62BAD-56F2-4AB2-91F4-11AF2B55DEAF}.Debug|Win32.ActiveCfg = Debug|Win32
		{25F62BAD-56F2-4AB2-91F4-11AF2B55DEAF}.Debug|Win32.Build.0 = Debug|Win32
		{25F62BAD-56F2-4AB2-91F4-11AF2B55DEAF}.Release|Win32.ActiveCfg = Release|Win32
		{25F62BAD-56F2-4AB2-91F4-11AF2B55DEAF}.Release|Win32.Build.0 = Release|Win32
		{5D4B474F-4BEE-4C04-9696-64993D8DB8B1}.Debug|Win32.ActiveCfg = Debug|Win32
		{5D4B474F-4BEE-4C04-9696-64993D8DB8B1}.Debug|Win32.Build.0 = Debug|Win32
		{5D4B474F-4BEE-4C04-9696-64993D8DB8B1}.Release|Win32.ActiveCfg = Release|Win32
		{5D4B474F-4BEE-4C04-9696-64993D8DB8B1}.Release|Win32.Build.0 = Release|Win32
		{41031088-73BD-4DE9-AFE9-34D8D41FE89C}.Debug|Win32.ActiveCfg = Debug|Win32
		{41031088-73BD-4DE9-AFE9-34D8D41FE89C}.Debug|Win32.Build.0 = Debug|Win32
		{41031088-73BD-4DE9-AFE9-34D8D41FE89C}.Release|Win32.ActiveCfg = Release|Win32
		{41031088-73BD-4DE9-AFE9-34D8D41FE89C}.Release|Win32.Build.0 = Release|Win32
	EndGlobalSection
	GlobalSection(SolutionProperties) = preSolution
		HideSolutionNode = FALSE
	EndGlobalSection
EndGlobal
